{
  "version": 4,
  "terraform_version": "1.10.1",
  "serial": 22,
  "lineage": "268d776d-62c6-75db-2ad7-d7c6757f758b",
  "outputs": {},
  "resources": [
    {
      "mode": "managed",
      "type": "aws_acm_certificate",
      "name": "host_domain_wc_acm",
      "provider": "provider[\"registry.terraform.io/hashicorp/aws\"]",
      "instances": [
        {
          "schema_version": 0,
          "attributes": {
            "arn": "arn:aws:acm:ap-northeast-1:438344051408:certificate/8c552df3-747e-426c-8c68-849490ff131a",
            "certificate_authority_arn": "",
            "certificate_body": null,
            "certificate_chain": null,
            "domain_name": "*.ikobel.com",
            "domain_validation_options": [
              {
                "domain_name": "*.ikobel.com",
                "resource_record_name": "_fc68fdb0fd9ed1571c9005555b9663a0.ikobel.com.",
                "resource_record_type": "CNAME",
                "resource_record_value": "_ea64777b0372dd9bcd434c9a24277958.zfyfvmchrl.acm-validations.aws."
              }
            ],
            "early_renewal_duration": "",
            "id": "arn:aws:acm:ap-northeast-1:438344051408:certificate/8c552df3-747e-426c-8c68-849490ff131a",
            "key_algorithm": "RSA_2048",
            "not_after": "",
            "not_before": "",
            "options": [
              {
                "certificate_transparency_logging_preference": "ENABLED"
              }
            ],
            "pending_renewal": false,
            "private_key": null,
            "renewal_eligibility": "INELIGIBLE",
            "renewal_summary": [],
            "status": "PENDING_VALIDATION",
            "subject_alternative_names": [
              "*.ikobel.com"
            ],
            "tags": {
              "Name": "how-aws-ecs-run-acm"
            },
            "tags_all": {
              "Name": "how-aws-ecs-run-acm",
              "application": "how-aws-ecs-run"
            },
            "type": "AMAZON_ISSUED",
            "validation_emails": [],
            "validation_method": "DNS",
            "validation_option": []
          },
          "sensitive_attributes": [
            [
              {
                "type": "get_attr",
                "value": "private_key"
              }
            ]
          ],
          "private": "bnVsbA==",
          "dependencies": [
            "aws_route53_zone.app_subdomain"
          ],
          "create_before_destroy": true
        }
      ]
    },
    {
      "mode": "managed",
      "type": "aws_route53_record",
      "name": "ns_record_for_api_subdomain",
      "provider": "provider[\"registry.terraform.io/hashicorp/aws\"]",
      "instances": [
        {
          "schema_version": 2,
          "attributes": {
            "alias": [],
            "allow_overwrite": null,
            "cidr_routing_policy": [],
            "failover_routing_policy": [],
            "fqdn": "api.ikobel.com",
            "geolocation_routing_policy": [],
            "health_check_id": "",
            "id": "Z01827342KIBZ3RFPX4RC_api.ikobel.com_NS",
            "latency_routing_policy": [],
            "multivalue_answer_routing_policy": false,
            "name": "api.ikobel.com",
            "records": [
              "ns-1086.awsdns-07.org",
              "ns-1997.awsdns-57.co.uk",
              "ns-404.awsdns-50.com",
              "ns-552.awsdns-05.net"
            ],
            "set_identifier": "",
            "ttl": 172800,
            "type": "NS",
            "weighted_routing_policy": [],
            "zone_id": "Z01827342KIBZ3RFPX4RC"
          },
          "sensitive_attributes": [],
          "private": "eyJzY2hlbWFfdmVyc2lvbiI6IjIifQ==",
          "dependencies": [
            "aws_route53_zone.api_subdomain",
            "aws_route53_zone.host_domain"
          ]
        }
      ]
    },
    {
      "mode": "managed",
      "type": "aws_route53_record",
      "name": "ns_record_for_app_subdomain",
      "provider": "provider[\"registry.terraform.io/hashicorp/aws\"]",
      "instances": [
        {
          "schema_version": 2,
          "attributes": {
            "alias": [],
            "allow_overwrite": null,
            "cidr_routing_policy": [],
            "failover_routing_policy": [],
            "fqdn": "www.ikobel.com",
            "geolocation_routing_policy": [],
            "health_check_id": "",
            "id": "Z01827342KIBZ3RFPX4RC_www.ikobel.com_NS",
            "latency_routing_policy": [],
            "multivalue_answer_routing_policy": false,
            "name": "www.ikobel.com",
            "records": [
              "ns-1427.awsdns-50.org",
              "ns-144.awsdns-18.com",
              "ns-1747.awsdns-26.co.uk",
              "ns-731.awsdns-27.net"
            ],
            "set_identifier": "",
            "ttl": 172800,
            "type": "NS",
            "weighted_routing_policy": [],
            "zone_id": "Z01827342KIBZ3RFPX4RC"
          },
          "sensitive_attributes": [],
          "private": "eyJzY2hlbWFfdmVyc2lvbiI6IjIifQ==",
          "dependencies": [
            "aws_route53_zone.app_subdomain",
            "aws_route53_zone.host_domain"
          ]
        }
      ]
    },
    {
      "mode": "managed",
      "type": "aws_route53_zone",
      "name": "api_subdomain",
      "provider": "provider[\"registry.terraform.io/hashicorp/aws\"]",
      "instances": [
        {
          "schema_version": 0,
          "attributes": {
            "arn": "arn:aws:route53:::hostedzone/Z01841161G01M44Z6AD5H",
            "comment": "Managed by Terraform",
            "delegation_set_id": "",
            "force_destroy": false,
            "id": "Z01841161G01M44Z6AD5H",
            "name": "api.ikobel.com",
            "name_servers": [
              "ns-1086.awsdns-07.org",
              "ns-1997.awsdns-57.co.uk",
              "ns-404.awsdns-50.com",
              "ns-552.awsdns-05.net"
            ],
            "primary_name_server": "ns-404.awsdns-50.com",
            "tags": {
              "Name": "how-aws-ecs-run-api-subdomain"
            },
            "tags_all": {
              "Name": "how-aws-ecs-run-api-subdomain",
              "application": "how-aws-ecs-run"
            },
            "vpc": [],
            "zone_id": "Z01841161G01M44Z6AD5H"
          },
          "sensitive_attributes": [],
          "private": "bnVsbA=="
        }
      ]
    },
    {
      "mode": "managed",
      "type": "aws_route53_zone",
      "name": "app_subdomain",
      "provider": "provider[\"registry.terraform.io/hashicorp/aws\"]",
      "instances": [
        {
          "schema_version": 0,
          "attributes": {
            "arn": "arn:aws:route53:::hostedzone/Z05047243HNQOUMS3JACY",
            "comment": "Managed by Terraform",
            "delegation_set_id": "",
            "force_destroy": false,
            "id": "Z05047243HNQOUMS3JACY",
            "name": "www.ikobel.com",
            "name_servers": [
              "ns-1427.awsdns-50.org",
              "ns-144.awsdns-18.com",
              "ns-1747.awsdns-26.co.uk",
              "ns-731.awsdns-27.net"
            ],
            "primary_name_server": "ns-144.awsdns-18.com",
            "tags": {
              "Name": "how-aws-ecs-run-app-subdomain"
            },
            "tags_all": {
              "Name": "how-aws-ecs-run-app-subdomain",
              "application": "how-aws-ecs-run"
            },
            "vpc": [],
            "zone_id": "Z05047243HNQOUMS3JACY"
          },
          "sensitive_attributes": [],
          "private": "bnVsbA==",
          "create_before_destroy": true
        }
      ]
    },
    {
      "mode": "managed",
      "type": "aws_route53_zone",
      "name": "host_domain",
      "provider": "provider[\"registry.terraform.io/hashicorp/aws\"]",
      "instances": [
        {
          "schema_version": 0,
          "attributes": {
            "arn": "arn:aws:route53:::hostedzone/Z01827342KIBZ3RFPX4RC",
            "comment": "Managed by Terraform",
            "delegation_set_id": "",
            "force_destroy": false,
            "id": "Z01827342KIBZ3RFPX4RC",
            "name": "ikobel.com",
            "name_servers": [
              "ns-1352.awsdns-41.org",
              "ns-136.awsdns-17.com",
              "ns-1981.awsdns-55.co.uk",
              "ns-538.awsdns-03.net"
            ],
            "primary_name_server": "ns-136.awsdns-17.com",
            "tags": null,
            "tags_all": {
              "application": "how-aws-ecs-run"
            },
            "vpc": [],
            "zone_id": "Z01827342KIBZ3RFPX4RC"
          },
          "sensitive_attributes": [],
          "private": "bnVsbA=="
        }
      ]
    }
  ],
  "check_results": null
}
