{
  "version": 4,
  "terraform_version": "1.10.1",
  "serial": 541,
  "lineage": "1ef202d1-797d-89cd-440a-2e643ddfe516",
  "outputs": {},
  "resources": [
    {
      "mode": "data",
      "type": "aws_acm_certificate",
      "name": "host_domain_wc_acm",
      "provider": "provider[\"registry.terraform.io/hashicorp/aws\"]",
      "instances": [
        {
          "schema_version": 0,
          "attributes": {
            "arn": "arn:aws:acm:ap-northeast-1:438344051408:certificate/1a957af4-b4fa-4a72-ae4e-9823408b873d",
            "certificate": "-----BEGIN CERTIFICATE-----\nMIIFzjCCBLagAwIBAgIQCGUFul4qMuIaIjHtiC4RvDANBgkqhkiG9w0BAQsFADA8\nMQswCQYDVQQGEwJVUzEPMA0GA1UEChMGQW1hem9uMRwwGgYDVQQDExNBbWF6b24g\nUlNBIDIwNDggTTAzMB4XDTI0MTIyMjAwMDAwMFoXDTI2MDEyMTIzNTk1OVowFTET\nMBEGA1UEAxMKaWtvYmVsLmNvbTCCASIwDQYJKoZIhvcNAQEBBQADggEPADCCAQoC\nggEBAL9oEvWJY1os/JaQFHJlfCV/UBY6unVcN5Eg3mlOXHibGUbgDIXAw1cL4+47\nCu5U6uDMji6BkfHQUKUC2dplz1wQUpKofr68rfLXIxKnEeDVHkECJ7xebAP841+K\nAtgUN6Td6p514rPrn37htT3VFycNKSp2xWJ+dewXdi2Y8RavpDx72jMd6rrm47PR\nobRnuG+7sIQLWN/c/tiV5qRoADHpPq9Cmbhin59Q2s1hA3PeRpqHDL1n8xILdMaO\nJsWAdCKlhmgTUFEvxYbkf6h/z58MI1bCF6ttdbAnQnd8TLegmMLx6b7PYMA5SHt7\nSrvf/2a2SXqi09bIwKZxQyLnC1cCAwEAAaOCAvEwggLtMB8GA1UdIwQYMBaAFFXZ\nGF/SHMwB4Vi0vqvZVUIB1y4CMB0GA1UdDgQWBBSwiwxt5tmoOCS19K9ch5dZ2O2d\nCjAjBgNVHREEHDAaggppa29iZWwuY29tggwqLmlrb2JlbC5jb20wEwYDVR0gBAww\nCjAIBgZngQwBAgEwDgYDVR0PAQH/BAQDAgWgMB0GA1UdJQQWMBQGCCsGAQUFBwMB\nBggrBgEFBQcDAjA7BgNVHR8ENDAyMDCgLqAshipodHRwOi8vY3JsLnIybTAzLmFt\nYXpvbnRydXN0LmNvbS9yMm0wMy5jcmwwdQYIKwYBBQUHAQEEaTBnMC0GCCsGAQUF\nBzABhiFodHRwOi8vb2NzcC5yMm0wMy5hbWF6b250cnVzdC5jb20wNgYIKwYBBQUH\nMAKGKmh0dHA6Ly9jcnQucjJtMDMuYW1hem9udHJ1c3QuY29tL3IybTAzLmNlcjAM\nBgNVHRMBAf8EAjAAMIIBfgYKKwYBBAHWeQIEAgSCAW4EggFqAWgAdgCWl2S/VViX\nrfdDh2g3CEJ36fA61fak8zZuRqQ/D8qpxgAAAZPsUOtQAAAEAwBHMEUCIQDRYBSm\nGQBoHqS3fzVz6Nof3MVg1xA6V1CgnSK77Rk91gIgB74JFXGN7tAtoep3NwiuWg68\noL8zyNX94211phvP2tEAdQBkEcRspBLsp4kcogIuALyrTygH1B41J6vq/tUDyX3N\n8AAAAZPsUOtNAAAEAwBGMEQCIAXohhbw/OpMhkpCaw8ryzmHhQcBxtyI+hFS/1sy\n6uhpAiBhKC2rUyvQ5hW0awVjJooss/5cZOf/izvJOqR+K92dFQB3AEmcm2neHXzs\n/DbezYdkprhbrwqHgBnRVVL76esp3fjDAAABk+xQ61oAAAQDAEgwRgIhANLA14p6\nYcypzsR+jL1PRwcB5w/w0ZXoyLwQ1CisEqs9AiEAjxYap33PueyDR4ap7JNtXPwJ\nOPev3Itwy0VCcIUWqNUwDQYJKoZIhvcNAQELBQADggEBAGTlykbfW2WTCXdpVs+v\n+TjSDaTSpVK2ltB5xp43YL8GyizajEHWSj4i1VE5bPxxK18ntXoso1GsPn2I8ej8\nNSq+CTEaatpyvlQA2tj0SwjQ9H/qmyROn/uoCh6YKOSsQo57RpGcHtXwgoGvxWl5\nu/VYkNdHQtcdiffXQucEhhUiLF7WgQVj79lWS3/4MXe7ml71ByLITTabv1ksbN6n\nniOpc4jOVrhPvNZ7fACCE3VX7TfI4Vp1WdcOndWpsCVPgn6P/G1uhdjTxAynAiW4\nvMxlbcPg3EgHqRzv/f0IvcVh2PqMG4eF+RXwVosZjo0daH0+TZo3l0O5nPLm/rMT\n3+w=\n-----END CERTIFICATE-----\n",
            "certificate_chain": "-----BEGIN CERTIFICATE-----\nMIIEXjCCA0agAwIBAgITB3MSTNQG0mfAmRzdKZqfODF5hTANBgkqhkiG9w0BAQsF\nADA5MQswCQYDVQQGEwJVUzEPMA0GA1UEChMGQW1hem9uMRkwFwYDVQQDExBBbWF6\nb24gUm9vdCBDQSAxMB4XDTIyMDgyMzIyMjYwNFoXDTMwMDgyMzIyMjYwNFowPDEL\nMAkGA1UEBhMCVVMxDzANBgNVBAoTBkFtYXpvbjEcMBoGA1UEAxMTQW1hem9uIFJT\nQSAyMDQ4IE0wMzCCASIwDQYJKoZIhvcNAQEBBQADggEPADCCAQoCggEBALd/pVko\n8vuM475Tf45HV3BbCl/B9Jy89G1CRkFjcPY06WA9lS+7dWbUA7GtWUKoksr69hKM\nwcMsNpxlw7b3jeXFgxB09/nmalcAWtnLzF+LaDKEA5DQmvKzuh1nfIfqEiKCQSmX\nXh09Xs+dO7cm5qbaL2hhNJCSAejciwcvOFgFNgEMR42wm6KIFHsQW28jhA+1u/M0\np6fVwReuEgZfLfdx82Px0LJck3lST3EB/JfbdsdOzzzg5YkY1dfuqf8y5fUeZ7Cz\nWXbTjujwX/TovmeWKA36VLCz75azW6tDNuDn66FOpADZZ9omVaF6BqNJiLMVl6P3\n/c0OiUMC6Z5OfKcCAwEAAaOCAVowggFWMBIGA1UdEwEB/wQIMAYBAf8CAQAwDgYD\nVR0PAQH/BAQDAgGGMB0GA1UdJQQWMBQGCCsGAQUFBwMBBggrBgEFBQcDAjAdBgNV\nHQ4EFgQUVdkYX9IczAHhWLS+q9lVQgHXLgIwHwYDVR0jBBgwFoAUhBjMhTTsvAyU\nlC4IWZzHshBOCggwewYIKwYBBQUHAQEEbzBtMC8GCCsGAQUFBzABhiNodHRwOi8v\nb2NzcC5yb290Y2ExLmFtYXpvbnRydXN0LmNvbTA6BggrBgEFBQcwAoYuaHR0cDov\nL2NydC5yb290Y2ExLmFtYXpvbnRydXN0LmNvbS9yb290Y2ExLmNlcjA/BgNVHR8E\nODA2MDSgMqAwhi5odHRwOi8vY3JsLnJvb3RjYTEuYW1hem9udHJ1c3QuY29tL3Jv\nb3RjYTEuY3JsMBMGA1UdIAQMMAowCAYGZ4EMAQIBMA0GCSqGSIb3DQEBCwUAA4IB\nAQAGjeWm2cC+3z2MzSCnte46/7JZvj3iQZDY7EvODNdZF41n71Lrk9kbfNwerK0d\nVNzW36Wefr7j7ZSwBVg50W5ay65jNSN74TTQV1yt4WnSbVvN6KlMs1hiyOZdoHKs\nKDV2UGNxbdoBYCQNa2GYF8FQIWLugNp35aSOpMy6cFlymFQomIrnOQHwK1nvVY4q\nxDSJMU/gNJz17D8ArPN3ngnyZ2TwepJ0uBINz3G5te2rdFUF4i4Y3Bb7FUlHDYm4\nu8aIRGpk2ZpfXmxaoxnbIBZRvGLPSUuPwnwoUOMsJ8jirI5vs2dvchPb7MtI1rle\ni02f2ivH2vxkjDLltSpe2fiC\n-----END CERTIFICATE-----\n-----BEGIN CERTIFICATE-----\nMIIEkjCCA3qgAwIBAgITBn+USionzfP6wq4rAfkI7rnExjANBgkqhkiG9w0BAQsF\nADCBmDELMAkGA1UEBhMCVVMxEDAOBgNVBAgTB0FyaXpvbmExEzARBgNVBAcTClNj\nb3R0c2RhbGUxJTAjBgNVBAoTHFN0YXJmaWVsZCBUZWNobm9sb2dpZXMsIEluYy4x\nOzA5BgNVBAMTMlN0YXJmaWVsZCBTZXJ2aWNlcyBSb290IENlcnRpZmljYXRlIEF1\ndGhvcml0eSAtIEcyMB4XDTE1MDUyNTEyMDAwMFoXDTM3MTIzMTAxMDAwMFowOTEL\nMAkGA1UEBhMCVVMxDzANBgNVBAoTBkFtYXpvbjEZMBcGA1UEAxMQQW1hem9uIFJv\nb3QgQ0EgMTCCASIwDQYJKoZIhvcNAQEBBQADggEPADCCAQoCggEBALJ4gHHKeNXj\nca9HgFB0fW7Y14h29Jlo91ghYPl0hAEvrAIthtOgQ3pOsqTQNroBvo3bSMgHFzZM\n9O6II8c+6zf1tRn4SWiw3te5djgdYZ6k/oI2peVKVuRF4fn9tBb6dNqcmzU5L/qw\nIFAGbHrQgLKm+a/sRxmPUDgH3KKHOVj4utWp+UhnMJbulHheb4mjUcAwhmahRWa6\nVOujw5H5SNz/0egwLX0tdHA114gk957EWW67c4cX8jJGKLhD+rcdqsq08p8kDi1L\n93FcXmn/6pUCyziKrlA4b9v7LWIbxcceVOF34GfID5yHI9Y/QCB/IIDEgEw+OyQm\njgSubJrIqg0CAwEAAaOCATEwggEtMA8GA1UdEwEB/wQFMAMBAf8wDgYDVR0PAQH/\nBAQDAgGGMB0GA1UdDgQWBBSEGMyFNOy8DJSULghZnMeyEE4KCDAfBgNVHSMEGDAW\ngBScXwDfqgHXMCs4iKK4bUqc8hGRgzB4BggrBgEFBQcBAQRsMGowLgYIKwYBBQUH\nMAGGImh0dHA6Ly9vY3NwLnJvb3RnMi5hbWF6b250cnVzdC5jb20wOAYIKwYBBQUH\nMAKGLGh0dHA6Ly9jcnQucm9vdGcyLmFtYXpvbnRydXN0LmNvbS9yb290ZzIuY2Vy\nMD0GA1UdHwQ2MDQwMqAwoC6GLGh0dHA6Ly9jcmwucm9vdGcyLmFtYXpvbnRydXN0\nLmNvbS9yb290ZzIuY3JsMBEGA1UdIAQKMAgwBgYEVR0gADANBgkqhkiG9w0BAQsF\nAAOCAQEAYjdCXLwQtT6LLOkMm2xF4gcAevnFWAu5CIw+7bMlPLVvUOTNNWqnkzSW\nMiGpSESrnO09tKpzbeR/FoCJbM8oAxiDR3mjEH4wW6w7sGDgd9QIpuEdfF7Au/ma\neyKdpwAJfqxGF4PcnCZXmTA5YpaP7dreqsXMGz7KQ2hsVxa81Q4gLv7/wmpdLqBK\nbRRYh5TmOTFffHPLkIhqhBGWJ6bt2YFGpn6jcgAKUj6DiAdjd4lpFw85hdKrCEVN\n0FE6/V1dN2RMfjCyVSRCnTawXZwXgWHxyvkQAiSr6w10kY17RSlQOYiypok1JR4U\nakcjMS9cmvqtmg5iUaQqqcT5NJ0hGA==\n-----END CERTIFICATE-----\n",
            "domain": "ikobel.com",
            "id": "arn:aws:acm:ap-northeast-1:438344051408:certificate/1a957af4-b4fa-4a72-ae4e-9823408b873d",
            "key_types": null,
            "most_recent": false,
            "status": "ISSUED",
            "statuses": null,
            "tags": {},
            "types": null
          },
          "sensitive_attributes": []
        }
      ]
    },
    {
      "mode": "data",
      "type": "aws_route53_zone",
      "name": "host_domain",
      "provider": "provider[\"registry.terraform.io/hashicorp/aws\"]",
      "instances": [
        {
          "schema_version": 0,
          "attributes": {
            "arn": "arn:aws:route53:::hostedzone/Z07260242I1232A9DTASV",
            "caller_reference": "b6a8cc53-2c93-4f6d-8dae-bd1bad3c2533",
            "comment": "",
            "id": "Z07260242I1232A9DTASV",
            "linked_service_description": null,
            "linked_service_principal": null,
            "name": "ikobel.com",
            "name_servers": [
              "ns-76.awsdns-09.com",
              "ns-1802.awsdns-33.co.uk",
              "ns-1436.awsdns-51.org",
              "ns-843.awsdns-41.net"
            ],
            "primary_name_server": "ns-76.awsdns-09.com",
            "private_zone": false,
            "resource_record_set_count": 5,
            "tags": {},
            "vpc_id": null,
            "zone_id": "Z07260242I1232A9DTASV"
          },
          "sensitive_attributes": []
        }
      ]
    },
    {
      "mode": "data",
      "type": "aws_ssm_parameter",
      "name": "rds_DB_HOST",
      "provider": "provider[\"registry.terraform.io/hashicorp/aws\"]",
      "instances": [
        {
          "schema_version": 0,
          "attributes": {
            "arn": "arn:aws:ssm:ap-northeast-1:438344051408:parameter/ikobel/prd/DB_HOST",
            "id": "/ikobel/prd/DB_HOST",
            "name": "/ikobel/prd/DB_HOST",
            "type": "SecureString",
            "value": "ikobel_postgres",
            "version": 1,
            "with_decryption": true
          },
          "sensitive_attributes": [
            [
              {
                "type": "get_attr",
                "value": "value"
              }
            ]
          ]
        }
      ]
    },
    {
      "mode": "data",
      "type": "aws_ssm_parameter",
      "name": "rds_DB_NAME",
      "provider": "provider[\"registry.terraform.io/hashicorp/aws\"]",
      "instances": [
        {
          "schema_version": 0,
          "attributes": {
            "arn": "arn:aws:ssm:ap-northeast-1:438344051408:parameter/ikobel/prd/DB_NAME",
            "id": "/ikobel/prd/DB_NAME",
            "name": "/ikobel/prd/DB_NAME",
            "type": "SecureString",
            "value": "ikobel",
            "version": 1,
            "with_decryption": true
          },
          "sensitive_attributes": [
            [
              {
                "type": "get_attr",
                "value": "value"
              }
            ]
          ]
        }
      ]
    },
    {
      "mode": "data",
      "type": "aws_ssm_parameter",
      "name": "rds_DB_PASS",
      "provider": "provider[\"registry.terraform.io/hashicorp/aws\"]",
      "instances": [
        {
          "schema_version": 0,
          "attributes": {
            "arn": "arn:aws:ssm:ap-northeast-1:438344051408:parameter/ikobel/prd/DB_PASS",
            "id": "/ikobel/prd/DB_PASS",
            "name": "/ikobel/prd/DB_PASS",
            "type": "SecureString",
            "value": "NgDQDYeUnC2BNsh",
            "version": 2,
            "with_decryption": true
          },
          "sensitive_attributes": [
            [
              {
                "type": "get_attr",
                "value": "value"
              }
            ]
          ]
        }
      ]
    },
    {
      "mode": "data",
      "type": "aws_ssm_parameter",
      "name": "rds_DB_PORT",
      "provider": "provider[\"registry.terraform.io/hashicorp/aws\"]",
      "instances": [
        {
          "schema_version": 0,
          "attributes": {
            "arn": "arn:aws:ssm:ap-northeast-1:438344051408:parameter/ikobel/prd/DB_PORT",
            "id": "/ikobel/prd/DB_PORT",
            "name": "/ikobel/prd/DB_PORT",
            "type": "SecureString",
            "value": "5432",
            "version": 1,
            "with_decryption": true
          },
          "sensitive_attributes": [
            [
              {
                "type": "get_attr",
                "value": "value"
              }
            ]
          ]
        }
      ]
    },
    {
      "mode": "data",
      "type": "aws_ssm_parameter",
      "name": "rds_DB_USER",
      "provider": "provider[\"registry.terraform.io/hashicorp/aws\"]",
      "instances": [
        {
          "schema_version": 0,
          "attributes": {
            "arn": "arn:aws:ssm:ap-northeast-1:438344051408:parameter/ikobel/prd/DB_USER",
            "id": "/ikobel/prd/DB_USER",
            "name": "/ikobel/prd/DB_USER",
            "type": "SecureString",
            "value": "ikobel_user",
            "version": 1,
            "with_decryption": true
          },
          "sensitive_attributes": [
            [
              {
                "type": "get_attr",
                "value": "value"
              }
            ]
          ]
        }
      ]
    },
    {
      "mode": "managed",
      "type": "aws_db_subnet_group",
      "name": "rds_subnet_group",
      "provider": "provider[\"registry.terraform.io/hashicorp/aws\"]",
      "instances": [
        {
          "schema_version": 0,
          "attributes": {
            "arn": "arn:aws:rds:ap-northeast-1:438344051408:subgrp:how-aws-alb-run-rds-subnet-group",
            "description": "how-aws-alb-run-rds-subnet-group",
            "id": "how-aws-alb-run-rds-subnet-group",
            "name": "how-aws-alb-run-rds-subnet-group",
            "name_prefix": "",
            "subnet_ids": [
              "subnet-008d02606537acc7c",
              "subnet-0d6dfafab81e3edbc"
            ],
            "supported_network_types": [
              "IPV4"
            ],
            "tags": {},
            "tags_all": {
              "application": "how-aws-alb-run"
            },
            "vpc_id": "vpc-0693ad7035f193c24"
          },
          "sensitive_attributes": [],
          "private": "bnVsbA==",
          "dependencies": [
            "aws_subnet.private-1a",
            "aws_subnet.private-1c",
            "aws_vpc.main"
          ]
        }
      ]
    },
    {
      "mode": "managed",
      "type": "aws_eip",
      "name": "nat-1a",
      "provider": "provider[\"registry.terraform.io/hashicorp/aws\"]",
      "instances": [
        {
          "schema_version": 0,
          "attributes": {
            "address": null,
            "allocation_id": "eipalloc-03629be22cbde9be5",
            "associate_with_private_ip": null,
            "association_id": "eipassoc-0540f331b3f2a5ee5",
            "carrier_ip": "",
            "customer_owned_ip": "",
            "customer_owned_ipv4_pool": "",
            "domain": "vpc",
            "id": "eipalloc-03629be22cbde9be5",
            "instance": "",
            "network_border_group": "ap-northeast-1",
            "network_interface": "eni-0b5e50b8ed65fc331",
            "private_dns": "ip-10-0-1-139.ap-northeast-1.compute.internal",
            "private_ip": "10.0.1.139",
            "public_dns": "ec2-57-182-98-246.ap-northeast-1.compute.amazonaws.com",
            "public_ip": "57.182.98.246",
            "public_ipv4_pool": "amazon",
            "tags": {
              "Name": "how-aws-alb-run-eip-for-natgw-1a"
            },
            "tags_all": {
              "Name": "how-aws-alb-run-eip-for-natgw-1a",
              "application": "how-aws-alb-run"
            },
            "timeouts": null,
            "vpc": true
          },
          "sensitive_attributes": [],
          "private": "eyJlMmJmYjczMC1lY2FhLTExZTYtOGY4OC0zNDM2M2JjN2M0YzAiOnsiZGVsZXRlIjoxODAwMDAwMDAwMDAsInJlYWQiOjkwMDAwMDAwMDAwMCwidXBkYXRlIjozMDAwMDAwMDAwMDB9fQ=="
        }
      ]
    },
    {
      "mode": "managed",
      "type": "aws_internet_gateway",
      "name": "main",
      "provider": "provider[\"registry.terraform.io/hashicorp/aws\"]",
      "instances": [
        {
          "schema_version": 0,
          "attributes": {
            "arn": "arn:aws:ec2:ap-northeast-1:438344051408:internet-gateway/igw-01f1cdb1d5e779836",
            "id": "igw-01f1cdb1d5e779836",
            "owner_id": "438344051408",
            "tags": {
              "Name": "how-aws-alb-run-igw"
            },
            "tags_all": {
              "Name": "how-aws-alb-run-igw",
              "application": "how-aws-alb-run"
            },
            "timeouts": null,
            "vpc_id": "vpc-0693ad7035f193c24"
          },
          "sensitive_attributes": [],
          "private": "eyJlMmJmYjczMC1lY2FhLTExZTYtOGY4OC0zNDM2M2JjN2M0YzAiOnsiY3JlYXRlIjoxMjAwMDAwMDAwMDAwLCJkZWxldGUiOjEyMDAwMDAwMDAwMDAsInVwZGF0ZSI6MTIwMDAwMDAwMDAwMH19",
          "dependencies": [
            "aws_vpc.main"
          ]
        }
      ]
    },
    {
      "mode": "managed",
      "type": "aws_lb",
      "name": "main",
      "provider": "provider[\"registry.terraform.io/hashicorp/aws\"]",
      "instances": [
        {
          "schema_version": 0,
          "attributes": {
            "access_logs": [
              {
                "bucket": "",
                "enabled": false,
                "prefix": ""
              }
            ],
            "arn": "arn:aws:elasticloadbalancing:ap-northeast-1:438344051408:loadbalancer/app/how-aws-alb-run-alb/ecaa669d7ef5765d",
            "arn_suffix": "app/how-aws-alb-run-alb/ecaa669d7ef5765d",
            "customer_owned_ipv4_pool": "",
            "desync_mitigation_mode": "defensive",
            "dns_name": "how-aws-alb-run-alb-1262067562.ap-northeast-1.elb.amazonaws.com",
            "drop_invalid_header_fields": false,
            "enable_cross_zone_load_balancing": true,
            "enable_deletion_protection": false,
            "enable_http2": true,
            "enable_tls_version_and_cipher_suite_headers": false,
            "enable_waf_fail_open": false,
            "enable_xff_client_port": false,
            "id": "arn:aws:elasticloadbalancing:ap-northeast-1:438344051408:loadbalancer/app/how-aws-alb-run-alb/ecaa669d7ef5765d",
            "idle_timeout": 60,
            "internal": false,
            "ip_address_type": "ipv4",
            "load_balancer_type": "application",
            "name": "how-aws-alb-run-alb",
            "name_prefix": null,
            "preserve_host_header": false,
            "security_groups": [
              "sg-0dcd686a44bd4887e"
            ],
            "subnet_mapping": [
              {
                "allocation_id": "",
                "ipv6_address": "",
                "outpost_id": "",
                "private_ipv4_address": "",
                "subnet_id": "subnet-0110b0c00a825e622"
              },
              {
                "allocation_id": "",
                "ipv6_address": "",
                "outpost_id": "",
                "private_ipv4_address": "",
                "subnet_id": "subnet-0465d77cd37ffbec8"
              }
            ],
            "subnets": [
              "subnet-0110b0c00a825e622",
              "subnet-0465d77cd37ffbec8"
            ],
            "tags": {},
            "tags_all": {
              "application": "how-aws-alb-run"
            },
            "timeouts": null,
            "vpc_id": "vpc-0693ad7035f193c24",
            "xff_header_processing_mode": "append",
            "zone_id": "Z14GRHDCWA56QT"
          },
          "sensitive_attributes": [],
          "private": "eyJlMmJmYjczMC1lY2FhLTExZTYtOGY4OC0zNDM2M2JjN2M0YzAiOnsiY3JlYXRlIjo2MDAwMDAwMDAwMDAsImRlbGV0ZSI6NjAwMDAwMDAwMDAwLCJ1cGRhdGUiOjYwMDAwMDAwMDAwMH19",
          "dependencies": [
            "aws_security_group.main",
            "aws_subnet.public-1a",
            "aws_subnet.public-1c",
            "aws_vpc.main"
          ]
        }
      ]
    },
    {
      "mode": "managed",
      "type": "aws_lb_listener",
      "name": "https",
      "provider": "provider[\"registry.terraform.io/hashicorp/aws\"]",
      "instances": [
        {
          "schema_version": 0,
          "attributes": {
            "alpn_policy": null,
            "arn": "arn:aws:elasticloadbalancing:ap-northeast-1:438344051408:listener/app/how-aws-alb-run-alb/ecaa669d7ef5765d/3cedda4444dfa0cb",
            "certificate_arn": "arn:aws:acm:ap-northeast-1:438344051408:certificate/1a957af4-b4fa-4a72-ae4e-9823408b873d",
            "default_action": [
              {
                "authenticate_cognito": [],
                "authenticate_oidc": [],
                "fixed_response": [
                  {
                    "content_type": "text/plain",
                    "message_body": "503 Service Temporarily Unavailable",
                    "status_code": "503"
                  }
                ],
                "forward": [],
                "order": 1,
                "redirect": [],
                "target_group_arn": "",
                "type": "fixed-response"
              }
            ],
            "id": "arn:aws:elasticloadbalancing:ap-northeast-1:438344051408:listener/app/how-aws-alb-run-alb/ecaa669d7ef5765d/3cedda4444dfa0cb",
            "load_balancer_arn": "arn:aws:elasticloadbalancing:ap-northeast-1:438344051408:loadbalancer/app/how-aws-alb-run-alb/ecaa669d7ef5765d",
            "port": 443,
            "protocol": "HTTPS",
            "ssl_policy": "ELBSecurityPolicy-2016-08",
            "tags": {},
            "tags_all": {
              "application": "how-aws-alb-run"
            },
            "timeouts": null
          },
          "sensitive_attributes": [],
          "private": "eyJlMmJmYjczMC1lY2FhLTExZTYtOGY4OC0zNDM2M2JjN2M0YzAiOnsicmVhZCI6NjAwMDAwMDAwMDAwfX0=",
          "dependencies": [
            "aws_lb.main",
            "aws_security_group.main",
            "aws_subnet.public-1a",
            "aws_subnet.public-1c",
            "aws_vpc.main",
            "data.aws_acm_certificate.host_domain_wc_acm"
          ]
        }
      ]
    },
    {
      "mode": "managed",
      "type": "aws_lb_listener",
      "name": "main",
      "provider": "provider[\"registry.terraform.io/hashicorp/aws\"]",
      "instances": [
        {
          "schema_version": 0,
          "attributes": {
            "alpn_policy": null,
            "arn": "arn:aws:elasticloadbalancing:ap-northeast-1:438344051408:listener/app/how-aws-alb-run-alb/ecaa669d7ef5765d/c94b62d69c2e6128",
            "certificate_arn": null,
            "default_action": [
              {
                "authenticate_cognito": [],
                "authenticate_oidc": [],
                "fixed_response": [],
                "forward": [],
                "order": 1,
                "redirect": [
                  {
                    "host": "#{host}",
                    "path": "/#{path}",
                    "port": "443",
                    "protocol": "HTTPS",
                    "query": "#{query}",
                    "status_code": "HTTP_301"
                  }
                ],
                "target_group_arn": "",
                "type": "redirect"
              }
            ],
            "id": "arn:aws:elasticloadbalancing:ap-northeast-1:438344051408:listener/app/how-aws-alb-run-alb/ecaa669d7ef5765d/c94b62d69c2e6128",
            "load_balancer_arn": "arn:aws:elasticloadbalancing:ap-northeast-1:438344051408:loadbalancer/app/how-aws-alb-run-alb/ecaa669d7ef5765d",
            "port": 80,
            "protocol": "HTTP",
            "ssl_policy": "",
            "tags": {},
            "tags_all": {
              "application": "how-aws-alb-run"
            },
            "timeouts": null
          },
          "sensitive_attributes": [],
          "private": "eyJlMmJmYjczMC1lY2FhLTExZTYtOGY4OC0zNDM2M2JjN2M0YzAiOnsicmVhZCI6NjAwMDAwMDAwMDAwfX0=",
          "dependencies": [
            "aws_lb.main",
            "aws_security_group.main",
            "aws_subnet.public-1a",
            "aws_subnet.public-1c",
            "aws_vpc.main"
          ]
        }
      ]
    },
    {
      "mode": "managed",
      "type": "aws_nat_gateway",
      "name": "nat-1a",
      "provider": "provider[\"registry.terraform.io/hashicorp/aws\"]",
      "instances": [
        {
          "schema_version": 0,
          "attributes": {
            "allocation_id": "eipalloc-03629be22cbde9be5",
            "association_id": "eipassoc-0540f331b3f2a5ee5",
            "connectivity_type": "public",
            "id": "nat-08a9452bf82953414",
            "network_interface_id": "eni-0b5e50b8ed65fc331",
            "private_ip": "10.0.1.139",
            "public_ip": "57.182.98.246",
            "subnet_id": "subnet-0110b0c00a825e622",
            "tags": {
              "Name": "how-aws-alb-run-natgw-1a"
            },
            "tags_all": {
              "Name": "how-aws-alb-run-natgw-1a",
              "application": "how-aws-alb-run"
            }
          },
          "sensitive_attributes": [],
          "private": "bnVsbA==",
          "dependencies": [
            "aws_eip.nat-1a",
            "aws_subnet.public-1a",
            "aws_vpc.main"
          ]
        }
      ]
    },
    {
      "mode": "managed",
      "type": "aws_rds_cluster",
      "name": "main",
      "provider": "provider[\"registry.terraform.io/hashicorp/aws\"]",
      "instances": [
        {
          "schema_version": 0,
          "attributes": {
            "allocated_storage": 1,
            "allow_major_version_upgrade": null,
            "apply_immediately": null,
            "arn": "arn:aws:rds:ap-northeast-1:438344051408:cluster:how-aws-alb-run-rds-cluster",
            "availability_zones": [
              "ap-northeast-1a",
              "ap-northeast-1c",
              "ap-northeast-1d"
            ],
            "backtrack_window": 0,
            "backup_retention_period": 1,
            "cluster_identifier": "how-aws-alb-run-rds-cluster",
            "cluster_identifier_prefix": null,
            "cluster_members": [],
            "cluster_resource_id": "cluster-OAL5XLVCOQWL2L2NKQPQCFVVEU",
            "copy_tags_to_snapshot": false,
            "database_name": "ikobel",
            "db_cluster_instance_class": "",
            "db_cluster_parameter_group_name": "how-aws-alb-run-rds-cluster-parameter-group",
            "db_instance_parameter_group_name": null,
            "db_subnet_group_name": "how-aws-alb-run-rds-subnet-group",
            "deletion_protection": false,
            "enable_global_write_forwarding": false,
            "enable_http_endpoint": false,
            "enabled_cloudwatch_logs_exports": [],
            "endpoint": "how-aws-alb-run-rds-cluster.cluster-c3ikcsgg0emx.ap-northeast-1.rds.amazonaws.com",
            "engine": "aurora-postgresql",
            "engine_mode": "provisioned",
            "engine_version": "16",
            "engine_version_actual": "16.1",
            "final_snapshot_identifier": null,
            "global_cluster_identifier": "",
            "hosted_zone_id": "Z24O6O9L7SGTNB",
            "iam_database_authentication_enabled": false,
            "iam_roles": [],
            "id": "how-aws-alb-run-rds-cluster",
            "iops": 0,
            "kms_key_id": "",
            "manage_master_user_password": null,
            "master_password": "NgDQDYeUnC2BNsh",
            "master_user_secret": [],
            "master_user_secret_kms_key_id": null,
            "master_username": "ikobel_user",
            "network_type": "IPV4",
            "port": 5432,
            "preferred_backup_window": "17:21-17:51",
            "preferred_maintenance_window": "thu:15:45-thu:16:15",
            "reader_endpoint": "how-aws-alb-run-rds-cluster.cluster-ro-c3ikcsgg0emx.ap-northeast-1.rds.amazonaws.com",
            "replication_source_identifier": "",
            "restore_to_point_in_time": [],
            "s3_import": [],
            "scaling_configuration": [],
            "serverlessv2_scaling_configuration": [],
            "skip_final_snapshot": true,
            "snapshot_identifier": null,
            "source_region": null,
            "storage_encrypted": false,
            "storage_type": "",
            "tags": {},
            "tags_all": {
              "application": "how-aws-alb-run"
            },
            "timeouts": null,
            "vpc_security_group_ids": [
              "sg-0c6d2a916d71cd0ed"
            ]
          },
          "sensitive_attributes": [
            [
              {
                "type": "get_attr",
                "value": "port"
              }
            ],
            [
              {
                "type": "get_attr",
                "value": "master_password"
              }
            ],
            [
              {
                "type": "get_attr",
                "value": "master_username"
              }
            ],
            [
              {
                "type": "get_attr",
                "value": "database_name"
              }
            ]
          ],
          "private": "eyJlMmJmYjczMC1lY2FhLTExZTYtOGY4OC0zNDM2M2JjN2M0YzAiOnsiY3JlYXRlIjo3MjAwMDAwMDAwMDAwLCJkZWxldGUiOjcyMDAwMDAwMDAwMDAsInVwZGF0ZSI6NzIwMDAwMDAwMDAwMH19",
          "dependencies": [
            "aws_db_subnet_group.rds_subnet_group",
            "aws_rds_cluster_parameter_group.main",
            "aws_security_group.rds_sg",
            "aws_subnet.private-1a",
            "aws_subnet.private-1c",
            "aws_vpc.main",
            "data.aws_ssm_parameter.rds_DB_NAME",
            "data.aws_ssm_parameter.rds_DB_PASS",
            "data.aws_ssm_parameter.rds_DB_PORT",
            "data.aws_ssm_parameter.rds_DB_USER"
          ]
        }
      ]
    },
    {
      "mode": "managed",
      "type": "aws_rds_cluster_instance",
      "name": "main",
      "provider": "provider[\"registry.terraform.io/hashicorp/aws\"]",
      "instances": [
        {
          "schema_version": 0,
          "attributes": {
            "apply_immediately": null,
            "arn": "arn:aws:rds:ap-northeast-1:438344051408:db:how-aws-alb-run-rds-cluster-instance",
            "auto_minor_version_upgrade": true,
            "availability_zone": "ap-northeast-1c",
            "ca_cert_identifier": "rds-ca-rsa2048-g1",
            "cluster_identifier": "how-aws-alb-run-rds-cluster",
            "copy_tags_to_snapshot": false,
            "db_parameter_group_name": "default.aurora-postgresql16",
            "db_subnet_group_name": "how-aws-alb-run-rds-subnet-group",
            "dbi_resource_id": "db-TXHYCZCPIILTGZQYDWADP6ZMZY",
            "endpoint": "how-aws-alb-run-rds-cluster-instance.c3ikcsgg0emx.ap-northeast-1.rds.amazonaws.com",
            "engine": "aurora-postgresql",
            "engine_version": "16",
            "engine_version_actual": "16.1",
            "id": "how-aws-alb-run-rds-cluster-instance",
            "identifier": "how-aws-alb-run-rds-cluster-instance",
            "identifier_prefix": null,
            "instance_class": "db.t3.medium",
            "kms_key_id": "",
            "monitoring_interval": 0,
            "monitoring_role_arn": "",
            "network_type": "IPV4",
            "performance_insights_enabled": false,
            "performance_insights_kms_key_id": "",
            "performance_insights_retention_period": 0,
            "port": 5432,
            "preferred_backup_window": "17:21-17:51",
            "preferred_maintenance_window": "wed:19:10-wed:19:40",
            "promotion_tier": 0,
            "publicly_accessible": false,
            "storage_encrypted": false,
            "tags": {
              "Name": "how-aws-alb-run-rds-cluster-instance"
            },
            "tags_all": {
              "Name": "how-aws-alb-run-rds-cluster-instance",
              "application": "how-aws-alb-run"
            },
            "timeouts": null,
            "writer": true
          },
          "sensitive_attributes": [],
          "private": "eyJlMmJmYjczMC1lY2FhLTExZTYtOGY4OC0zNDM2M2JjN2M0YzAiOnsiY3JlYXRlIjo1NDAwMDAwMDAwMDAwLCJkZWxldGUiOjU0MDAwMDAwMDAwMDAsInVwZGF0ZSI6NTQwMDAwMDAwMDAwMH19",
          "dependencies": [
            "aws_db_subnet_group.rds_subnet_group",
            "aws_rds_cluster.main",
            "aws_rds_cluster_parameter_group.main",
            "aws_security_group.rds_sg",
            "aws_subnet.private-1a",
            "aws_subnet.private-1c",
            "aws_vpc.main",
            "data.aws_ssm_parameter.rds_DB_NAME",
            "data.aws_ssm_parameter.rds_DB_PASS",
            "data.aws_ssm_parameter.rds_DB_PORT",
            "data.aws_ssm_parameter.rds_DB_USER"
          ]
        }
      ]
    },
    {
      "mode": "managed",
      "type": "aws_rds_cluster_parameter_group",
      "name": "main",
      "provider": "provider[\"registry.terraform.io/hashicorp/aws\"]",
      "instances": [
        {
          "schema_version": 0,
          "attributes": {
            "arn": "arn:aws:rds:ap-northeast-1:438344051408:cluster-pg:how-aws-alb-run-rds-cluster-parameter-group",
            "description": "Managed by Terraform",
            "family": "aurora-postgresql16",
            "id": "how-aws-alb-run-rds-cluster-parameter-group",
            "name": "how-aws-alb-run-rds-cluster-parameter-group",
            "name_prefix": "",
            "parameter": [
              {
                "apply_method": "immediate",
                "name": "timezone",
                "value": "Asia/Tokyo"
              }
            ],
            "tags": {},
            "tags_all": {
              "application": "how-aws-alb-run"
            }
          },
          "sensitive_attributes": [],
          "private": "bnVsbA=="
        }
      ]
    },
    {
      "mode": "managed",
      "type": "aws_route53_record",
      "name": "a_record_for_api_subdomain",
      "provider": "provider[\"registry.terraform.io/hashicorp/aws\"]",
      "instances": [
        {
          "schema_version": 2,
          "attributes": {
            "alias": [
              {
                "evaluate_target_health": true,
                "name": "how-aws-alb-run-alb-1262067562.ap-northeast-1.elb.amazonaws.com",
                "zone_id": "Z14GRHDCWA56QT"
              }
            ],
            "allow_overwrite": null,
            "cidr_routing_policy": [],
            "failover_routing_policy": [],
            "fqdn": "api.ikobel.com",
            "geolocation_routing_policy": [],
            "health_check_id": "",
            "id": "Z09289412WVN97THLJY6D_api.ikobel.com_A",
            "latency_routing_policy": [],
            "multivalue_answer_routing_policy": false,
            "name": "api.ikobel.com",
            "records": [],
            "set_identifier": "",
            "ttl": 0,
            "type": "A",
            "weighted_routing_policy": [],
            "zone_id": "Z09289412WVN97THLJY6D"
          },
          "sensitive_attributes": [],
          "private": "eyJzY2hlbWFfdmVyc2lvbiI6IjIifQ==",
          "dependencies": [
            "aws_lb.main",
            "aws_route53_zone.api_subdomain",
            "aws_security_group.main",
            "aws_subnet.public-1a",
            "aws_subnet.public-1c",
            "aws_vpc.main"
          ]
        }
      ]
    },
    {
      "mode": "managed",
      "type": "aws_route53_record",
      "name": "a_record_for_app_subdomain",
      "provider": "provider[\"registry.terraform.io/hashicorp/aws\"]",
      "instances": [
        {
          "schema_version": 2,
          "attributes": {
            "alias": [
              {
                "evaluate_target_health": true,
                "name": "how-aws-alb-run-alb-1262067562.ap-northeast-1.elb.amazonaws.com",
                "zone_id": "Z14GRHDCWA56QT"
              }
            ],
            "allow_overwrite": null,
            "cidr_routing_policy": [],
            "failover_routing_policy": [],
            "fqdn": "www.ikobel.com",
            "geolocation_routing_policy": [],
            "health_check_id": "",
            "id": "Z00466533OW73CCMHND2X_www.ikobel.com_A",
            "latency_routing_policy": [],
            "multivalue_answer_routing_policy": false,
            "name": "www.ikobel.com",
            "records": [],
            "set_identifier": "",
            "ttl": 0,
            "type": "A",
            "weighted_routing_policy": [],
            "zone_id": "Z00466533OW73CCMHND2X"
          },
          "sensitive_attributes": [],
          "private": "eyJzY2hlbWFfdmVyc2lvbiI6IjIifQ==",
          "dependencies": [
            "aws_lb.main",
            "aws_route53_zone.app_subdomain",
            "aws_security_group.main",
            "aws_subnet.public-1a",
            "aws_subnet.public-1c",
            "aws_vpc.main"
          ]
        }
      ]
    },
    {
      "mode": "managed",
      "type": "aws_route53_record",
      "name": "ns_record_for_api_subdomain",
      "provider": "provider[\"registry.terraform.io/hashicorp/aws\"]",
      "instances": [
        {
          "schema_version": 2,
          "attributes": {
            "alias": [],
            "allow_overwrite": null,
            "cidr_routing_policy": [],
            "failover_routing_policy": [],
            "fqdn": "api.ikobel.com",
            "geolocation_routing_policy": [],
            "health_check_id": "",
            "id": "Z07260242I1232A9DTASV_api.ikobel.com_NS",
            "latency_routing_policy": [],
            "multivalue_answer_routing_policy": false,
            "name": "api.ikobel.com",
            "records": [
              "ns-1168.awsdns-18.org",
              "ns-1818.awsdns-35.co.uk",
              "ns-349.awsdns-43.com",
              "ns-854.awsdns-42.net"
            ],
            "set_identifier": "",
            "ttl": 172800,
            "type": "NS",
            "weighted_routing_policy": [],
            "zone_id": "Z07260242I1232A9DTASV"
          },
          "sensitive_attributes": [],
          "private": "eyJzY2hlbWFfdmVyc2lvbiI6IjIifQ==",
          "dependencies": [
            "aws_route53_zone.api_subdomain",
            "data.aws_route53_zone.host_domain"
          ]
        }
      ]
    },
    {
      "mode": "managed",
      "type": "aws_route53_record",
      "name": "ns_record_for_app_subdomain",
      "provider": "provider[\"registry.terraform.io/hashicorp/aws\"]",
      "instances": [
        {
          "schema_version": 2,
          "attributes": {
            "alias": [],
            "allow_overwrite": null,
            "cidr_routing_policy": [],
            "failover_routing_policy": [],
            "fqdn": "www.ikobel.com",
            "geolocation_routing_policy": [],
            "health_check_id": "",
            "id": "Z07260242I1232A9DTASV_www.ikobel.com_NS",
            "latency_routing_policy": [],
            "multivalue_answer_routing_policy": false,
            "name": "www.ikobel.com",
            "records": [
              "ns-1172.awsdns-18.org",
              "ns-1831.awsdns-36.co.uk",
              "ns-291.awsdns-36.com",
              "ns-921.awsdns-51.net"
            ],
            "set_identifier": "",
            "ttl": 172800,
            "type": "NS",
            "weighted_routing_policy": [],
            "zone_id": "Z07260242I1232A9DTASV"
          },
          "sensitive_attributes": [],
          "private": "eyJzY2hlbWFfdmVyc2lvbiI6IjIifQ==",
          "dependencies": [
            "aws_route53_zone.app_subdomain",
            "data.aws_route53_zone.host_domain"
          ]
        }
      ]
    },
    {
      "mode": "managed",
      "type": "aws_route53_zone",
      "name": "api_subdomain",
      "provider": "provider[\"registry.terraform.io/hashicorp/aws\"]",
      "instances": [
        {
          "schema_version": 0,
          "attributes": {
            "arn": "arn:aws:route53:::hostedzone/Z09289412WVN97THLJY6D",
            "comment": "Managed by Terraform",
            "delegation_set_id": "",
            "force_destroy": false,
            "id": "Z09289412WVN97THLJY6D",
            "name": "api.ikobel.com",
            "name_servers": [
              "ns-1168.awsdns-18.org",
              "ns-1818.awsdns-35.co.uk",
              "ns-349.awsdns-43.com",
              "ns-854.awsdns-42.net"
            ],
            "primary_name_server": "ns-349.awsdns-43.com",
            "tags": {
              "Name": "how-aws-alb-run-api-subdomain"
            },
            "tags_all": {
              "Name": "how-aws-alb-run-api-subdomain",
              "application": "how-aws-alb-run"
            },
            "vpc": [],
            "zone_id": "Z09289412WVN97THLJY6D"
          },
          "sensitive_attributes": [],
          "private": "bnVsbA=="
        }
      ]
    },
    {
      "mode": "managed",
      "type": "aws_route53_zone",
      "name": "app_subdomain",
      "provider": "provider[\"registry.terraform.io/hashicorp/aws\"]",
      "instances": [
        {
          "schema_version": 0,
          "attributes": {
            "arn": "arn:aws:route53:::hostedzone/Z00466533OW73CCMHND2X",
            "comment": "Managed by Terraform",
            "delegation_set_id": "",
            "force_destroy": false,
            "id": "Z00466533OW73CCMHND2X",
            "name": "www.ikobel.com",
            "name_servers": [
              "ns-1172.awsdns-18.org",
              "ns-1831.awsdns-36.co.uk",
              "ns-291.awsdns-36.com",
              "ns-921.awsdns-51.net"
            ],
            "primary_name_server": "ns-1831.awsdns-36.co.uk",
            "tags": {
              "Name": "how-aws-alb-run-app-subdomain"
            },
            "tags_all": {
              "Name": "how-aws-alb-run-app-subdomain",
              "application": "how-aws-alb-run"
            },
            "vpc": [],
            "zone_id": "Z00466533OW73CCMHND2X"
          },
          "sensitive_attributes": [],
          "private": "bnVsbA=="
        }
      ]
    },
    {
      "mode": "managed",
      "type": "aws_route_table",
      "name": "private",
      "provider": "provider[\"registry.terraform.io/hashicorp/aws\"]",
      "instances": [
        {
          "schema_version": 0,
          "attributes": {
            "arn": "arn:aws:ec2:ap-northeast-1:438344051408:route-table/rtb-0359a5b8c1100bf3a",
            "id": "rtb-0359a5b8c1100bf3a",
            "owner_id": "438344051408",
            "propagating_vgws": [],
            "route": [
              {
                "carrier_gateway_id": "",
                "cidr_block": "0.0.0.0/0",
                "core_network_arn": "",
                "destination_prefix_list_id": "",
                "egress_only_gateway_id": "",
                "gateway_id": "",
                "instance_id": "",
                "ipv6_cidr_block": "",
                "local_gateway_id": "",
                "nat_gateway_id": "nat-08a9452bf82953414",
                "network_interface_id": "",
                "transit_gateway_id": "",
                "vpc_endpoint_id": "",
                "vpc_peering_connection_id": ""
              }
            ],
            "tags": {
              "Name": "how-aws-alb-run-private-rtb"
            },
            "tags_all": {
              "Name": "how-aws-alb-run-private-rtb",
              "application": "how-aws-alb-run"
            },
            "timeouts": null,
            "vpc_id": "vpc-0693ad7035f193c24"
          },
          "sensitive_attributes": [],
          "private": "eyJlMmJmYjczMC1lY2FhLTExZTYtOGY4OC0zNDM2M2JjN2M0YzAiOnsiY3JlYXRlIjozMDAwMDAwMDAwMDAsImRlbGV0ZSI6MzAwMDAwMDAwMDAwLCJ1cGRhdGUiOjEyMDAwMDAwMDAwMH19",
          "dependencies": [
            "aws_eip.nat-1a",
            "aws_nat_gateway.nat-1a",
            "aws_subnet.public-1a",
            "aws_vpc.main"
          ]
        }
      ]
    },
    {
      "mode": "managed",
      "type": "aws_route_table",
      "name": "public",
      "provider": "provider[\"registry.terraform.io/hashicorp/aws\"]",
      "instances": [
        {
          "schema_version": 0,
          "attributes": {
            "arn": "arn:aws:ec2:ap-northeast-1:438344051408:route-table/rtb-08b1352ccb8fdaa07",
            "id": "rtb-08b1352ccb8fdaa07",
            "owner_id": "438344051408",
            "propagating_vgws": [],
            "route": [
              {
                "carrier_gateway_id": "",
                "cidr_block": "0.0.0.0/0",
                "core_network_arn": "",
                "destination_prefix_list_id": "",
                "egress_only_gateway_id": "",
                "gateway_id": "igw-01f1cdb1d5e779836",
                "instance_id": "",
                "ipv6_cidr_block": "",
                "local_gateway_id": "",
                "nat_gateway_id": "",
                "network_interface_id": "",
                "transit_gateway_id": "",
                "vpc_endpoint_id": "",
                "vpc_peering_connection_id": ""
              }
            ],
            "tags": {
              "Name": "how-aws-alb-run-public-rtb"
            },
            "tags_all": {
              "Name": "how-aws-alb-run-public-rtb",
              "application": "how-aws-alb-run"
            },
            "timeouts": null,
            "vpc_id": "vpc-0693ad7035f193c24"
          },
          "sensitive_attributes": [],
          "private": "eyJlMmJmYjczMC1lY2FhLTExZTYtOGY4OC0zNDM2M2JjN2M0YzAiOnsiY3JlYXRlIjozMDAwMDAwMDAwMDAsImRlbGV0ZSI6MzAwMDAwMDAwMDAwLCJ1cGRhdGUiOjEyMDAwMDAwMDAwMH19",
          "dependencies": [
            "aws_internet_gateway.main",
            "aws_vpc.main"
          ]
        }
      ]
    },
    {
      "mode": "managed",
      "type": "aws_route_table_association",
      "name": "private-1a-to-natgw",
      "provider": "provider[\"registry.terraform.io/hashicorp/aws\"]",
      "instances": [
        {
          "schema_version": 0,
          "attributes": {
            "gateway_id": "",
            "id": "rtbassoc-067caeefd89963f8c",
            "route_table_id": "rtb-0359a5b8c1100bf3a",
            "subnet_id": "subnet-008d02606537acc7c",
            "timeouts": null
          },
          "sensitive_attributes": [],
          "private": "eyJlMmJmYjczMC1lY2FhLTExZTYtOGY4OC0zNDM2M2JjN2M0YzAiOnsiY3JlYXRlIjozMDAwMDAwMDAwMDAsImRlbGV0ZSI6MzAwMDAwMDAwMDAwLCJ1cGRhdGUiOjEyMDAwMDAwMDAwMH19",
          "dependencies": [
            "aws_eip.nat-1a",
            "aws_nat_gateway.nat-1a",
            "aws_route_table.private",
            "aws_subnet.private-1a",
            "aws_subnet.public-1a",
            "aws_vpc.main"
          ]
        }
      ]
    },
    {
      "mode": "managed",
      "type": "aws_route_table_association",
      "name": "private-1c-to-natgw",
      "provider": "provider[\"registry.terraform.io/hashicorp/aws\"]",
      "instances": [
        {
          "schema_version": 0,
          "attributes": {
            "gateway_id": "",
            "id": "rtbassoc-01497e9085e67afb5",
            "route_table_id": "rtb-0359a5b8c1100bf3a",
            "subnet_id": "subnet-0d6dfafab81e3edbc",
            "timeouts": null
          },
          "sensitive_attributes": [],
          "private": "eyJlMmJmYjczMC1lY2FhLTExZTYtOGY4OC0zNDM2M2JjN2M0YzAiOnsiY3JlYXRlIjozMDAwMDAwMDAwMDAsImRlbGV0ZSI6MzAwMDAwMDAwMDAwLCJ1cGRhdGUiOjEyMDAwMDAwMDAwMH19",
          "dependencies": [
            "aws_eip.nat-1a",
            "aws_nat_gateway.nat-1a",
            "aws_route_table.private",
            "aws_subnet.private-1c",
            "aws_subnet.public-1a",
            "aws_vpc.main"
          ]
        }
      ]
    },
    {
      "mode": "managed",
      "type": "aws_route_table_association",
      "name": "public-1a-to-igw",
      "provider": "provider[\"registry.terraform.io/hashicorp/aws\"]",
      "instances": [
        {
          "schema_version": 0,
          "attributes": {
            "gateway_id": "",
            "id": "rtbassoc-098f2938d0f56aa90",
            "route_table_id": "rtb-08b1352ccb8fdaa07",
            "subnet_id": "subnet-0110b0c00a825e622",
            "timeouts": null
          },
          "sensitive_attributes": [],
          "private": "eyJlMmJmYjczMC1lY2FhLTExZTYtOGY4OC0zNDM2M2JjN2M0YzAiOnsiY3JlYXRlIjozMDAwMDAwMDAwMDAsImRlbGV0ZSI6MzAwMDAwMDAwMDAwLCJ1cGRhdGUiOjEyMDAwMDAwMDAwMH19",
          "dependencies": [
            "aws_internet_gateway.main",
            "aws_route_table.public",
            "aws_subnet.public-1a",
            "aws_vpc.main"
          ]
        }
      ]
    },
    {
      "mode": "managed",
      "type": "aws_route_table_association",
      "name": "public-1c-to-igw",
      "provider": "provider[\"registry.terraform.io/hashicorp/aws\"]",
      "instances": [
        {
          "schema_version": 0,
          "attributes": {
            "gateway_id": "",
            "id": "rtbassoc-0086653f3d3f1f304",
            "route_table_id": "rtb-08b1352ccb8fdaa07",
            "subnet_id": "subnet-0465d77cd37ffbec8",
            "timeouts": null
          },
          "sensitive_attributes": [],
          "private": "eyJlMmJmYjczMC1lY2FhLTExZTYtOGY4OC0zNDM2M2JjN2M0YzAiOnsiY3JlYXRlIjozMDAwMDAwMDAwMDAsImRlbGV0ZSI6MzAwMDAwMDAwMDAwLCJ1cGRhdGUiOjEyMDAwMDAwMDAwMH19",
          "dependencies": [
            "aws_internet_gateway.main",
            "aws_route_table.public",
            "aws_subnet.public-1c",
            "aws_vpc.main"
          ]
        }
      ]
    },
    {
      "mode": "managed",
      "type": "aws_security_group",
      "name": "app",
      "provider": "provider[\"registry.terraform.io/hashicorp/aws\"]",
      "instances": [
        {
          "schema_version": 1,
          "attributes": {
            "arn": "arn:aws:ec2:ap-northeast-1:438344051408:security-group/sg-0bdf0dbbd9e46a083",
            "description": "Managed by Terraform",
            "egress": [
              {
                "cidr_blocks": [
                  "0.0.0.0/0"
                ],
                "description": "",
                "from_port": 0,
                "ipv6_cidr_blocks": [],
                "prefix_list_ids": [],
                "protocol": "-1",
                "security_groups": [],
                "self": false,
                "to_port": 0
              }
            ],
            "id": "sg-0bdf0dbbd9e46a083",
            "ingress": [
              {
                "cidr_blocks": [],
                "description": "",
                "from_port": 0,
                "ipv6_cidr_blocks": [],
                "prefix_list_ids": [],
                "protocol": "-1",
                "security_groups": [
                  "sg-0dcd686a44bd4887e"
                ],
                "self": true,
                "to_port": 0
              }
            ],
            "name": "how-aws-alb-run-app-sg",
            "name_prefix": "",
            "owner_id": "438344051408",
            "revoke_rules_on_delete": false,
            "tags": {
              "Name": "how-aws-alb-run-app-sg"
            },
            "tags_all": {
              "Name": "how-aws-alb-run-app-sg",
              "application": "how-aws-alb-run"
            },
            "timeouts": null,
            "vpc_id": "vpc-0693ad7035f193c24"
          },
          "sensitive_attributes": [],
          "private": "eyJlMmJmYjczMC1lY2FhLTExZTYtOGY4OC0zNDM2M2JjN2M0YzAiOnsiY3JlYXRlIjo2MDAwMDAwMDAwMDAsImRlbGV0ZSI6OTAwMDAwMDAwMDAwfSwic2NoZW1hX3ZlcnNpb24iOiIxIn0=",
          "dependencies": [
            "aws_vpc.main"
          ]
        }
      ]
    },
    {
      "mode": "managed",
      "type": "aws_security_group",
      "name": "main",
      "provider": "provider[\"registry.terraform.io/hashicorp/aws\"]",
      "instances": [
        {
          "schema_version": 1,
          "attributes": {
            "arn": "arn:aws:ec2:ap-northeast-1:438344051408:security-group/sg-0dcd686a44bd4887e",
            "description": "Managed by Terraform",
            "egress": [
              {
                "cidr_blocks": [
                  "0.0.0.0/0"
                ],
                "description": "",
                "from_port": 0,
                "ipv6_cidr_blocks": [],
                "prefix_list_ids": [],
                "protocol": "-1",
                "security_groups": [],
                "self": false,
                "to_port": 0
              }
            ],
            "id": "sg-0dcd686a44bd4887e",
            "ingress": [
              {
                "cidr_blocks": [
                  "0.0.0.0/0"
                ],
                "description": "",
                "from_port": 22,
                "ipv6_cidr_blocks": [],
                "prefix_list_ids": [],
                "protocol": "tcp",
                "security_groups": [],
                "self": false,
                "to_port": 22
              },
              {
                "cidr_blocks": [
                  "0.0.0.0/0"
                ],
                "description": "",
                "from_port": 443,
                "ipv6_cidr_blocks": [],
                "prefix_list_ids": [],
                "protocol": "tcp",
                "security_groups": [],
                "self": false,
                "to_port": 443
              },
              {
                "cidr_blocks": [
                  "0.0.0.0/0"
                ],
                "description": "",
                "from_port": 80,
                "ipv6_cidr_blocks": [],
                "prefix_list_ids": [],
                "protocol": "tcp",
                "security_groups": [],
                "self": false,
                "to_port": 80
              }
            ],
            "name": "how-aws-alb-run-alb-sg",
            "name_prefix": "",
            "owner_id": "438344051408",
            "revoke_rules_on_delete": false,
            "tags": {
              "Name": "how-aws-alb-run-alb-sg"
            },
            "tags_all": {
              "Name": "how-aws-alb-run-alb-sg",
              "application": "how-aws-alb-run"
            },
            "timeouts": null,
            "vpc_id": "vpc-0693ad7035f193c24"
          },
          "sensitive_attributes": [],
          "private": "eyJlMmJmYjczMC1lY2FhLTExZTYtOGY4OC0zNDM2M2JjN2M0YzAiOnsiY3JlYXRlIjo2MDAwMDAwMDAwMDAsImRlbGV0ZSI6OTAwMDAwMDAwMDAwfSwic2NoZW1hX3ZlcnNpb24iOiIxIn0=",
          "dependencies": [
            "aws_vpc.main"
          ]
        }
      ]
    },
    {
      "mode": "managed",
      "type": "aws_security_group",
      "name": "rds_sg",
      "provider": "provider[\"registry.terraform.io/hashicorp/aws\"]",
      "instances": [
        {
          "schema_version": 1,
          "attributes": {
            "arn": "arn:aws:ec2:ap-northeast-1:438344051408:security-group/sg-0c6d2a916d71cd0ed",
            "description": "how-aws-alb-run-rds-sg",
            "egress": [
              {
                "cidr_blocks": [
                  "0.0.0.0/0"
                ],
                "description": "",
                "from_port": 0,
                "ipv6_cidr_blocks": [],
                "prefix_list_ids": [],
                "protocol": "-1",
                "security_groups": [],
                "self": false,
                "to_port": 0
              }
            ],
            "id": "sg-0c6d2a916d71cd0ed",
            "ingress": [
              {
                "cidr_blocks": [
                  "10.0.0.0/16"
                ],
                "description": "",
                "from_port": 5432,
                "ipv6_cidr_blocks": [],
                "prefix_list_ids": [],
                "protocol": "tcp",
                "security_groups": [],
                "self": false,
                "to_port": 5432
              }
            ],
            "name": "how-aws-alb-run-rds-sg",
            "name_prefix": "",
            "owner_id": "438344051408",
            "revoke_rules_on_delete": false,
            "tags": {
              "Name": "how-aws-alb-run-database-sg"
            },
            "tags_all": {
              "Name": "how-aws-alb-run-database-sg",
              "application": "how-aws-alb-run"
            },
            "timeouts": null,
            "vpc_id": "vpc-0693ad7035f193c24"
          },
          "sensitive_attributes": [],
          "private": "eyJlMmJmYjczMC1lY2FhLTExZTYtOGY4OC0zNDM2M2JjN2M0YzAiOnsiY3JlYXRlIjo2MDAwMDAwMDAwMDAsImRlbGV0ZSI6OTAwMDAwMDAwMDAwfSwic2NoZW1hX3ZlcnNpb24iOiIxIn0=",
          "dependencies": [
            "aws_vpc.main"
          ]
        }
      ]
    },
    {
      "mode": "managed",
      "type": "aws_security_group_rule",
      "name": "alb_http",
      "provider": "provider[\"registry.terraform.io/hashicorp/aws\"]",
      "instances": [
        {
          "schema_version": 2,
          "attributes": {
            "cidr_blocks": [
              "0.0.0.0/0"
            ],
            "description": "",
            "from_port": 80,
            "id": "sgrule-3442820085",
            "ipv6_cidr_blocks": null,
            "prefix_list_ids": null,
            "protocol": "tcp",
            "security_group_id": "sg-0dcd686a44bd4887e",
            "security_group_rule_id": "sgr-0bb096c03946ad712",
            "self": false,
            "source_security_group_id": null,
            "timeouts": null,
            "to_port": 80,
            "type": "ingress"
          },
          "sensitive_attributes": [],
          "private": "eyJlMmJmYjczMC1lY2FhLTExZTYtOGY4OC0zNDM2M2JjN2M0YzAiOnsiY3JlYXRlIjozMDAwMDAwMDAwMDB9LCJzY2hlbWFfdmVyc2lvbiI6IjIifQ==",
          "dependencies": [
            "aws_security_group.main",
            "aws_vpc.main"
          ]
        }
      ]
    },
    {
      "mode": "managed",
      "type": "aws_security_group_rule",
      "name": "alb_https",
      "provider": "provider[\"registry.terraform.io/hashicorp/aws\"]",
      "instances": [
        {
          "schema_version": 2,
          "attributes": {
            "cidr_blocks": [
              "0.0.0.0/0"
            ],
            "description": "",
            "from_port": 443,
            "id": "sgrule-540912149",
            "ipv6_cidr_blocks": null,
            "prefix_list_ids": null,
            "protocol": "tcp",
            "security_group_id": "sg-0dcd686a44bd4887e",
            "security_group_rule_id": "sgr-0a51e093390164262",
            "self": false,
            "source_security_group_id": null,
            "timeouts": null,
            "to_port": 443,
            "type": "ingress"
          },
          "sensitive_attributes": [],
          "private": "eyJlMmJmYjczMC1lY2FhLTExZTYtOGY4OC0zNDM2M2JjN2M0YzAiOnsiY3JlYXRlIjozMDAwMDAwMDAwMDB9LCJzY2hlbWFfdmVyc2lvbiI6IjIifQ==",
          "dependencies": [
            "aws_security_group.main",
            "aws_vpc.main"
          ]
        }
      ]
    },
    {
      "mode": "managed",
      "type": "aws_security_group_rule",
      "name": "alb_ssh",
      "provider": "provider[\"registry.terraform.io/hashicorp/aws\"]",
      "instances": [
        {
          "schema_version": 2,
          "attributes": {
            "cidr_blocks": [
              "0.0.0.0/0"
            ],
            "description": "",
            "from_port": 22,
            "id": "sgrule-2076122688",
            "ipv6_cidr_blocks": null,
            "prefix_list_ids": null,
            "protocol": "tcp",
            "security_group_id": "sg-0dcd686a44bd4887e",
            "security_group_rule_id": "sgr-06869e76481f18dca",
            "self": false,
            "source_security_group_id": null,
            "timeouts": null,
            "to_port": 22,
            "type": "ingress"
          },
          "sensitive_attributes": [],
          "private": "eyJlMmJmYjczMC1lY2FhLTExZTYtOGY4OC0zNDM2M2JjN2M0YzAiOnsiY3JlYXRlIjozMDAwMDAwMDAwMDB9LCJzY2hlbWFfdmVyc2lvbiI6IjIifQ==",
          "dependencies": [
            "aws_security_group.main",
            "aws_vpc.main"
          ]
        }
      ]
    },
    {
      "mode": "managed",
      "type": "aws_security_group_rule",
      "name": "app_from_alb",
      "provider": "provider[\"registry.terraform.io/hashicorp/aws\"]",
      "instances": [
        {
          "schema_version": 2,
          "attributes": {
            "cidr_blocks": null,
            "description": "",
            "from_port": 0,
            "id": "sgrule-2561172599",
            "ipv6_cidr_blocks": null,
            "prefix_list_ids": null,
            "protocol": "-1",
            "security_group_id": "sg-0bdf0dbbd9e46a083",
            "security_group_rule_id": "sgr-0ed7228e5d26dbcf3",
            "self": false,
            "source_security_group_id": "sg-0dcd686a44bd4887e",
            "timeouts": null,
            "to_port": 0,
            "type": "ingress"
          },
          "sensitive_attributes": [],
          "private": "eyJlMmJmYjczMC1lY2FhLTExZTYtOGY4OC0zNDM2M2JjN2M0YzAiOnsiY3JlYXRlIjozMDAwMDAwMDAwMDB9LCJzY2hlbWFfdmVyc2lvbiI6IjIifQ==",
          "dependencies": [
            "aws_security_group.app",
            "aws_security_group.main",
            "aws_vpc.main"
          ]
        }
      ]
    },
    {
      "mode": "managed",
      "type": "aws_security_group_rule",
      "name": "app_from_other_environments",
      "provider": "provider[\"registry.terraform.io/hashicorp/aws\"]",
      "instances": [
        {
          "schema_version": 2,
          "attributes": {
            "cidr_blocks": null,
            "description": "",
            "from_port": 0,
            "id": "sgrule-2691959191",
            "ipv6_cidr_blocks": null,
            "prefix_list_ids": null,
            "protocol": "-1",
            "security_group_id": "sg-0bdf0dbbd9e46a083",
            "security_group_rule_id": "sgr-0e314b46e87d8d04a",
            "self": true,
            "source_security_group_id": null,
            "timeouts": null,
            "to_port": 0,
            "type": "ingress"
          },
          "sensitive_attributes": [],
          "private": "eyJlMmJmYjczMC1lY2FhLTExZTYtOGY4OC0zNDM2M2JjN2M0YzAiOnsiY3JlYXRlIjozMDAwMDAwMDAwMDB9LCJzY2hlbWFfdmVyc2lvbiI6IjIifQ==",
          "dependencies": [
            "aws_security_group.app",
            "aws_vpc.main"
          ]
        }
      ]
    },
    {
      "mode": "managed",
      "type": "aws_security_group_rule",
      "name": "app_to_any",
      "provider": "provider[\"registry.terraform.io/hashicorp/aws\"]",
      "instances": [
        {
          "schema_version": 2,
          "attributes": {
            "cidr_blocks": [
              "0.0.0.0/0"
            ],
            "description": "",
            "from_port": 0,
            "id": "sgrule-1906199838",
            "ipv6_cidr_blocks": null,
            "prefix_list_ids": null,
            "protocol": "-1",
            "security_group_id": "sg-0bdf0dbbd9e46a083",
            "security_group_rule_id": "sgr-0dd6e08015663639f",
            "self": false,
            "source_security_group_id": null,
            "timeouts": null,
            "to_port": 0,
            "type": "egress"
          },
          "sensitive_attributes": [],
          "private": "eyJlMmJmYjczMC1lY2FhLTExZTYtOGY4OC0zNDM2M2JjN2M0YzAiOnsiY3JlYXRlIjozMDAwMDAwMDAwMDB9LCJzY2hlbWFfdmVyc2lvbiI6IjIifQ==",
          "dependencies": [
            "aws_security_group.app",
            "aws_vpc.main"
          ]
        }
      ]
    },
    {
      "mode": "managed",
      "type": "aws_security_group_rule",
      "name": "rds_sg_rule",
      "provider": "provider[\"registry.terraform.io/hashicorp/aws\"]",
      "instances": [
        {
          "schema_version": 2,
          "attributes": {
            "cidr_blocks": [
              "10.0.0.0/16"
            ],
            "description": "",
            "from_port": 5432,
            "id": "sgrule-973078282",
            "ipv6_cidr_blocks": null,
            "prefix_list_ids": null,
            "protocol": "tcp",
            "security_group_id": "sg-0c6d2a916d71cd0ed",
            "security_group_rule_id": "sgr-01fe6882a6f7b3d6a",
            "self": false,
            "source_security_group_id": null,
            "timeouts": null,
            "to_port": 5432,
            "type": "ingress"
          },
          "sensitive_attributes": [
            [
              {
                "type": "get_attr",
                "value": "to_port"
              }
            ],
            [
              {
                "type": "get_attr",
                "value": "from_port"
              }
            ]
          ],
          "private": "eyJlMmJmYjczMC1lY2FhLTExZTYtOGY4OC0zNDM2M2JjN2M0YzAiOnsiY3JlYXRlIjozMDAwMDAwMDAwMDB9LCJzY2hlbWFfdmVyc2lvbiI6IjIifQ==",
          "dependencies": [
            "aws_security_group.rds_sg",
            "aws_vpc.main",
            "data.aws_ssm_parameter.rds_DB_PORT"
          ]
        }
      ]
    },
    {
      "mode": "managed",
      "type": "aws_ssm_parameter",
      "name": "rds_url",
      "provider": "provider[\"registry.terraform.io/hashicorp/aws\"]",
      "instances": [
        {
          "schema_version": 0,
          "attributes": {
            "allowed_pattern": "",
            "arn": "arn:aws:ssm:ap-northeast-1:438344051408:parameter/ikobel/prd/DB_URL",
            "data_type": "text",
            "description": "",
            "id": "/ikobel/prd/DB_URL",
            "insecure_value": null,
            "key_id": "",
            "name": "/ikobel/prd/DB_URL",
            "overwrite": null,
            "tags": {},
            "tags_all": {
              "application": "how-aws-alb-run"
            },
            "tier": "Standard",
            "type": "String",
            "value": "how-aws-alb-run-rds-cluster.cluster-c3ikcsgg0emx.ap-northeast-1.rds.amazonaws.com",
            "version": 1
          },
          "sensitive_attributes": [
            [
              {
                "type": "get_attr",
                "value": "value"
              }
            ]
          ],
          "private": "bnVsbA==",
          "dependencies": [
            "aws_db_subnet_group.rds_subnet_group",
            "aws_rds_cluster.main",
            "aws_rds_cluster_parameter_group.main",
            "aws_security_group.rds_sg",
            "aws_subnet.private-1a",
            "aws_subnet.private-1c",
            "aws_vpc.main",
            "data.aws_ssm_parameter.rds_DB_NAME",
            "data.aws_ssm_parameter.rds_DB_PASS",
            "data.aws_ssm_parameter.rds_DB_PORT",
            "data.aws_ssm_parameter.rds_DB_USER"
          ]
        }
      ]
    },
    {
      "mode": "managed",
      "type": "aws_subnet",
      "name": "private-1a",
      "provider": "provider[\"registry.terraform.io/hashicorp/aws\"]",
      "instances": [
        {
          "schema_version": 1,
          "attributes": {
            "arn": "arn:aws:ec2:ap-northeast-1:438344051408:subnet/subnet-008d02606537acc7c",
            "assign_ipv6_address_on_creation": false,
            "availability_zone": "ap-northeast-1a",
            "availability_zone_id": "apne1-az4",
            "cidr_block": "10.0.10.0/24",
            "customer_owned_ipv4_pool": "",
            "enable_dns64": false,
            "enable_lni_at_device_index": 0,
            "enable_resource_name_dns_a_record_on_launch": false,
            "enable_resource_name_dns_aaaa_record_on_launch": false,
            "id": "subnet-008d02606537acc7c",
            "ipv6_cidr_block": "",
            "ipv6_cidr_block_association_id": "",
            "ipv6_native": false,
            "map_customer_owned_ip_on_launch": false,
            "map_public_ip_on_launch": false,
            "outpost_arn": "",
            "owner_id": "438344051408",
            "private_dns_hostname_type_on_launch": "ip-name",
            "tags": {
              "Name": "how-aws-alb-run-private-1a"
            },
            "tags_all": {
              "Name": "how-aws-alb-run-private-1a",
              "application": "how-aws-alb-run"
            },
            "timeouts": null,
            "vpc_id": "vpc-0693ad7035f193c24"
          },
          "sensitive_attributes": [],
          "private": "eyJlMmJmYjczMC1lY2FhLTExZTYtOGY4OC0zNDM2M2JjN2M0YzAiOnsiY3JlYXRlIjo2MDAwMDAwMDAwMDAsImRlbGV0ZSI6MTIwMDAwMDAwMDAwMH0sInNjaGVtYV92ZXJzaW9uIjoiMSJ9",
          "dependencies": [
            "aws_vpc.main"
          ]
        }
      ]
    },
    {
      "mode": "managed",
      "type": "aws_subnet",
      "name": "private-1c",
      "provider": "provider[\"registry.terraform.io/hashicorp/aws\"]",
      "instances": [
        {
          "schema_version": 1,
          "attributes": {
            "arn": "arn:aws:ec2:ap-northeast-1:438344051408:subnet/subnet-0d6dfafab81e3edbc",
            "assign_ipv6_address_on_creation": false,
            "availability_zone": "ap-northeast-1c",
            "availability_zone_id": "apne1-az1",
            "cidr_block": "10.0.20.0/24",
            "customer_owned_ipv4_pool": "",
            "enable_dns64": false,
            "enable_lni_at_device_index": 0,
            "enable_resource_name_dns_a_record_on_launch": false,
            "enable_resource_name_dns_aaaa_record_on_launch": false,
            "id": "subnet-0d6dfafab81e3edbc",
            "ipv6_cidr_block": "",
            "ipv6_cidr_block_association_id": "",
            "ipv6_native": false,
            "map_customer_owned_ip_on_launch": false,
            "map_public_ip_on_launch": false,
            "outpost_arn": "",
            "owner_id": "438344051408",
            "private_dns_hostname_type_on_launch": "ip-name",
            "tags": {
              "Name": "how-aws-alb-run-private-1c"
            },
            "tags_all": {
              "Name": "how-aws-alb-run-private-1c",
              "application": "how-aws-alb-run"
            },
            "timeouts": null,
            "vpc_id": "vpc-0693ad7035f193c24"
          },
          "sensitive_attributes": [],
          "private": "eyJlMmJmYjczMC1lY2FhLTExZTYtOGY4OC0zNDM2M2JjN2M0YzAiOnsiY3JlYXRlIjo2MDAwMDAwMDAwMDAsImRlbGV0ZSI6MTIwMDAwMDAwMDAwMH0sInNjaGVtYV92ZXJzaW9uIjoiMSJ9",
          "dependencies": [
            "aws_vpc.main"
          ]
        }
      ]
    },
    {
      "mode": "managed",
      "type": "aws_subnet",
      "name": "public-1a",
      "provider": "provider[\"registry.terraform.io/hashicorp/aws\"]",
      "instances": [
        {
          "schema_version": 1,
          "attributes": {
            "arn": "arn:aws:ec2:ap-northeast-1:438344051408:subnet/subnet-0110b0c00a825e622",
            "assign_ipv6_address_on_creation": false,
            "availability_zone": "ap-northeast-1a",
            "availability_zone_id": "apne1-az4",
            "cidr_block": "10.0.1.0/24",
            "customer_owned_ipv4_pool": "",
            "enable_dns64": false,
            "enable_lni_at_device_index": 0,
            "enable_resource_name_dns_a_record_on_launch": false,
            "enable_resource_name_dns_aaaa_record_on_launch": false,
            "id": "subnet-0110b0c00a825e622",
            "ipv6_cidr_block": "",
            "ipv6_cidr_block_association_id": "",
            "ipv6_native": false,
            "map_customer_owned_ip_on_launch": false,
            "map_public_ip_on_launch": false,
            "outpost_arn": "",
            "owner_id": "438344051408",
            "private_dns_hostname_type_on_launch": "ip-name",
            "tags": {
              "Name": "how-aws-alb-run-public-1a"
            },
            "tags_all": {
              "Name": "how-aws-alb-run-public-1a",
              "application": "how-aws-alb-run"
            },
            "timeouts": null,
            "vpc_id": "vpc-0693ad7035f193c24"
          },
          "sensitive_attributes": [],
          "private": "eyJlMmJmYjczMC1lY2FhLTExZTYtOGY4OC0zNDM2M2JjN2M0YzAiOnsiY3JlYXRlIjo2MDAwMDAwMDAwMDAsImRlbGV0ZSI6MTIwMDAwMDAwMDAwMH0sInNjaGVtYV92ZXJzaW9uIjoiMSJ9",
          "dependencies": [
            "aws_vpc.main"
          ]
        }
      ]
    },
    {
      "mode": "managed",
      "type": "aws_subnet",
      "name": "public-1c",
      "provider": "provider[\"registry.terraform.io/hashicorp/aws\"]",
      "instances": [
        {
          "schema_version": 1,
          "attributes": {
            "arn": "arn:aws:ec2:ap-northeast-1:438344051408:subnet/subnet-0465d77cd37ffbec8",
            "assign_ipv6_address_on_creation": false,
            "availability_zone": "ap-northeast-1c",
            "availability_zone_id": "apne1-az1",
            "cidr_block": "10.0.2.0/24",
            "customer_owned_ipv4_pool": "",
            "enable_dns64": false,
            "enable_lni_at_device_index": 0,
            "enable_resource_name_dns_a_record_on_launch": false,
            "enable_resource_name_dns_aaaa_record_on_launch": false,
            "id": "subnet-0465d77cd37ffbec8",
            "ipv6_cidr_block": "",
            "ipv6_cidr_block_association_id": "",
            "ipv6_native": false,
            "map_customer_owned_ip_on_launch": false,
            "map_public_ip_on_launch": false,
            "outpost_arn": "",
            "owner_id": "438344051408",
            "private_dns_hostname_type_on_launch": "ip-name",
            "tags": {
              "Name": "how-aws-alb-run-public-1c"
            },
            "tags_all": {
              "Name": "how-aws-alb-run-public-1c",
              "application": "how-aws-alb-run"
            },
            "timeouts": null,
            "vpc_id": "vpc-0693ad7035f193c24"
          },
          "sensitive_attributes": [],
          "private": "eyJlMmJmYjczMC1lY2FhLTExZTYtOGY4OC0zNDM2M2JjN2M0YzAiOnsiY3JlYXRlIjo2MDAwMDAwMDAwMDAsImRlbGV0ZSI6MTIwMDAwMDAwMDAwMH0sInNjaGVtYV92ZXJzaW9uIjoiMSJ9",
          "dependencies": [
            "aws_vpc.main"
          ]
        }
      ]
    },
    {
      "mode": "managed",
      "type": "aws_vpc",
      "name": "main",
      "provider": "provider[\"registry.terraform.io/hashicorp/aws\"]",
      "instances": [
        {
          "schema_version": 1,
          "attributes": {
            "arn": "arn:aws:ec2:ap-northeast-1:438344051408:vpc/vpc-0693ad7035f193c24",
            "assign_generated_ipv6_cidr_block": false,
            "cidr_block": "10.0.0.0/16",
            "default_network_acl_id": "acl-09313fc95cf042454",
            "default_route_table_id": "rtb-09c6389e60efac006",
            "default_security_group_id": "sg-07236569145d61ed6",
            "dhcp_options_id": "dopt-00e3c3635fdbf8404",
            "enable_classiclink": false,
            "enable_classiclink_dns_support": false,
            "enable_dns_hostnames": false,
            "enable_dns_support": true,
            "enable_network_address_usage_metrics": false,
            "id": "vpc-0693ad7035f193c24",
            "instance_tenancy": "default",
            "ipv4_ipam_pool_id": null,
            "ipv4_netmask_length": null,
            "ipv6_association_id": "",
            "ipv6_cidr_block": "",
            "ipv6_cidr_block_network_border_group": "",
            "ipv6_ipam_pool_id": "",
            "ipv6_netmask_length": 0,
            "main_route_table_id": "rtb-09c6389e60efac006",
            "owner_id": "438344051408",
            "tags": {
              "Name": "how-aws-alb-run-vpc"
            },
            "tags_all": {
              "Name": "how-aws-alb-run-vpc",
              "application": "how-aws-alb-run"
            }
          },
          "sensitive_attributes": [],
          "private": "eyJzY2hlbWFfdmVyc2lvbiI6IjEifQ=="
        }
      ]
    }
  ],
  "check_results": null
}
